
Microsoft Visual Studio Solution File, Format Version 12.00
# Visual Studio Version 17
VisualStudioVersion = 17.0.31903.59
MinimumVisualStudioVersion = 10.0.40219.1
Project("{8BC9CEB8-8B4A-11D0-8D11-00A0C91BC942}") = "RayCaster", "RayCaster.vcxproj", "{BC0FCC5B-00ED-4C62-9D79-CFCE601FBF3F}"
EndProject
Global
	GlobalSection(SolutionConfigurationPlatforms) = preSolution
		Debug|x64 = Debug|x64
		Debug|x86 = Debug|x86
		Release|x64 = Release|x64
		Release|x86 = Release|x86
	EndGlobalSection
	GlobalSection(ProjectConfigurationPlatforms) = postSolution
		{BC0FCC5B-00ED-4C62-9D79-CFCE601FBF3F}.Debug|x64.ActiveCfg = Debug|x64
		{BC0FCC5B-00ED-4C62-9D79-CFCE601FBF3F}.Debug|x64.Build.0 = Debug|x64
		{BC0FCC5B-00ED-4C62-9D79-CFCE601FBF3F}.Debug|x86.ActiveCfg = Debug|Win32
		{BC0FCC5B-00ED-4C62-9D79-CFCE601FBF3F}.Debug|x86.Build.0 = Debug|Win32
		{BC0FCC5B-00ED-4C62-9D79-CFCE601FBF3F}.Release|x64.ActiveCfg = Release|x64
		{BC0FCC5B-00ED-4C62-9D79-CFCE601FBF3F}.Release|x64.Build.0 = Release|x64
		{BC0FCC5B-00ED-4C62-9D79-CFCE601FBF3F}.Release|x86.ActiveCfg = Release|Win32
		{BC0FCC5B-00ED-4C62-9D79-CFCE601FBF3F}.Release|x86.Build.0 = Release|Win32
	EndGlobalSection
	GlobalSection(SolutionProperties) = preSolution
		HideSolutionNode = FALSE
	EndGlobalSection
	GlobalSection(ExtensibilityGlobals) = postSolution
		SolutionGuid = {1731339C-7B67-4314-8303-E3E795E4967E}
	EndGlobalSection
EndGlobal
